
Microsoft Visual Studio Solution File, Format Version 12.00
# Visual Studio Version 17
VisualStudioVersion = 17.2.32210.308
MinimumVisualStudioVersion = 10.0.40219.1
Project("{9A19103F-16F7-4668-BE54-9A1E7A4F7556}") = "StackManager", "StackManager\StackManager.csproj", "{17960319-B8E1-46FC-8E05-D60041E7366A}"
EndProject
Project("{2150E333-8FDC-42A3-9474-1A3956D46DE8}") = "Demos", "Demos", "{E887C240-2D77-4076-B99E-F9DDCAD4B381}"
EndProject
Project("{2150E333-8FDC-42A3-9474-1A3956D46DE8}") = "Commons", "Commons", "{CC282E67-4877-44EE-B53D-39F7B14F0572}"
EndProject
Project("{9A19103F-16F7-4668-BE54-9A1E7A4F7556}") = "Demo.Flowline", "Demo.Flowline\Demo.Flowline.csproj", "{1494B285-A967-4535-980D-6BCB3654E4CB}"
EndProject
Project("{9A19103F-16F7-4668-BE54-9A1E7A4F7556}") = "Demo.IOT", "Demo.IOT\Demo.IOT.csproj", "{54A63E18-3C7A-4214-945B-AC16796F6194}"
EndProject
Project("{9A19103F-16F7-4668-BE54-9A1E7A4F7556}") = "Demo.Colors", "Demo.Colors\Demo.Colors.csproj", "{E47CCAFF-A678-41B5-B3F2-74994DB7E8AB}"
EndProject
Project("{9A19103F-16F7-4668-BE54-9A1E7A4F7556}") = "Common.Communication", "Common.Communication\Common.Communication.csproj", "{67E027B0-773A-43B1-92AB-EED950D4FE5B}"
EndProject
Project("{9A19103F-16F7-4668-BE54-9A1E7A4F7556}") = "Common.Toolkits", "Common.Toolkits\Common.Toolkits.csproj", "{AB8B842D-D8DB-4386-ABC4-DE14A8AD17B3}"
EndProject
Project("{9A19103F-16F7-4668-BE54-9A1E7A4F7556}") = "Common.UI.WPF", "Common.UI.WPF\Common.UI.WPF.csproj", "{5AA37AF5-B6B3-4EAD-87E3-A1F91FBD49F6}"
EndProject
Global
	GlobalSection(SolutionConfigurationPlatforms) = preSolution
		Debug|Any CPU = Debug|Any CPU
		Debug|x86 = Debug|x86
		Release|Any CPU = Release|Any CPU
		Release|x86 = Release|x86
	EndGlobalSection
	GlobalSection(ProjectConfigurationPlatforms) = postSolution
		{17960319-B8E1-46FC-8E05-D60041E7366A}.Debug|Any CPU.ActiveCfg = Debug|Any CPU
		{17960319-B8E1-46FC-8E05-D60041E7366A}.Debug|Any CPU.Build.0 = Debug|Any CPU
		{17960319-B8E1-46FC-8E05-D60041E7366A}.Debug|x86.ActiveCfg = Debug|Any CPU
		{17960319-B8E1-46FC-8E05-D60041E7366A}.Debug|x86.Build.0 = Debug|Any CPU
		{17960319-B8E1-46FC-8E05-D60041E7366A}.Release|Any CPU.ActiveCfg = Release|Any CPU
		{17960319-B8E1-46FC-8E05-D60041E7366A}.Release|Any CPU.Build.0 = Release|Any CPU
		{17960319-B8E1-46FC-8E05-D60041E7366A}.Release|x86.ActiveCfg = Release|Any CPU
		{17960319-B8E1-46FC-8E05-D60041E7366A}.Release|x86.Build.0 = Release|Any CPU
		{1494B285-A967-4535-980D-6BCB3654E4CB}.Debug|Any CPU.ActiveCfg = Debug|Any CPU
		{1494B285-A967-4535-980D-6BCB3654E4CB}.Debug|Any CPU.Build.0 = Debug|Any CPU
		{1494B285-A967-4535-980D-6BCB3654E4CB}.Debug|x86.ActiveCfg = Debug|Any CPU
		{1494B285-A967-4535-980D-6BCB3654E4CB}.Debug|x86.Build.0 = Debug|Any CPU
		{1494B285-A967-4535-980D-6BCB3654E4CB}.Release|Any CPU.ActiveCfg = Release|Any CPU
		{1494B285-A967-4535-980D-6BCB3654E4CB}.Release|Any CPU.Build.0 = Release|Any CPU
		{1494B285-A967-4535-980D-6BCB3654E4CB}.Release|x86.ActiveCfg = Release|Any CPU
		{1494B285-A967-4535-980D-6BCB3654E4CB}.Release|x86.Build.0 = Release|Any CPU
		{54A63E18-3C7A-4214-945B-AC16796F6194}.Debug|Any CPU.ActiveCfg = Debug|Any CPU
		{54A63E18-3C7A-4214-945B-AC16796F6194}.Debug|Any CPU.Build.0 = Debug|Any CPU
		{54A63E18-3C7A-4214-945B-AC16796F6194}.Debug|x86.ActiveCfg = Debug|Any CPU
		{54A63E18-3C7A-4214-945B-AC16796F6194}.Debug|x86.Build.0 = Debug|Any CPU
		{54A63E18-3C7A-4214-945B-AC16796F6194}.Release|Any CPU.ActiveCfg = Release|Any CPU
		{54A63E18-3C7A-4214-945B-AC16796F6194}.Release|Any CPU.Build.0 = Release|Any CPU
		{54A63E18-3C7A-4214-945B-AC16796F6194}.Release|x86.ActiveCfg = Release|Any CPU
		{54A63E18-3C7A-4214-945B-AC16796F6194}.Release|x86.Build.0 = Release|Any CPU
		{E47CCAFF-A678-41B5-B3F2-74994DB7E8AB}.Debug|Any CPU.ActiveCfg = Debug|Any CPU
		{E47CCAFF-A678-41B5-B3F2-74994DB7E8AB}.Debug|Any CPU.Build.0 = Debug|Any CPU
		{E47CCAFF-A678-41B5-B3F2-74994DB7E8AB}.Debug|x86.ActiveCfg = Debug|Any CPU
		{E47CCAFF-A678-41B5-B3F2-74994DB7E8AB}.Debug|x86.Build.0 = Debug|Any CPU
		{E47CCAFF-A678-41B5-B3F2-74994DB7E8AB}.Release|Any CPU.ActiveCfg = Release|Any CPU
		{E47CCAFF-A678-41B5-B3F2-74994DB7E8AB}.Release|Any CPU.Build.0 = Release|Any CPU
		{E47CCAFF-A678-41B5-B3F2-74994DB7E8AB}.Release|x86.ActiveCfg = Release|Any CPU
		{E47CCAFF-A678-41B5-B3F2-74994DB7E8AB}.Release|x86.Build.0 = Release|Any CPU
		{67E027B0-773A-43B1-92AB-EED950D4FE5B}.Debug|Any CPU.ActiveCfg = Debug|Any CPU
		{67E027B0-773A-43B1-92AB-EED950D4FE5B}.Debug|Any CPU.Build.0 = Debug|Any CPU
		{67E027B0-773A-43B1-92AB-EED950D4FE5B}.Debug|x86.ActiveCfg = Debug|x86
		{67E027B0-773A-43B1-92AB-EED950D4FE5B}.Debug|x86.Build.0 = Debug|x86
		{67E027B0-773A-43B1-92AB-EED950D4FE5B}.Release|Any CPU.ActiveCfg = Release|Any CPU
		{67E027B0-773A-43B1-92AB-EED950D4FE5B}.Release|Any CPU.Build.0 = Release|Any CPU
		{67E027B0-773A-43B1-92AB-EED950D4FE5B}.Release|x86.ActiveCfg = Release|x86
		{67E027B0-773A-43B1-92AB-EED950D4FE5B}.Release|x86.Build.0 = Release|x86
		{AB8B842D-D8DB-4386-ABC4-DE14A8AD17B3}.Debug|Any CPU.ActiveCfg = Debug|Any CPU
		{AB8B842D-D8DB-4386-ABC4-DE14A8AD17B3}.Debug|Any CPU.Build.0 = Debug|Any CPU
		{AB8B842D-D8DB-4386-ABC4-DE14A8AD17B3}.Debug|x86.ActiveCfg = Debug|Any CPU
		{AB8B842D-D8DB-4386-ABC4-DE14A8AD17B3}.Debug|x86.Build.0 = Debug|Any CPU
		{AB8B842D-D8DB-4386-ABC4-DE14A8AD17B3}.Release|Any CPU.ActiveCfg = Release|Any CPU
		{AB8B842D-D8DB-4386-ABC4-DE14A8AD17B3}.Release|Any CPU.Build.0 = Release|Any CPU
		{AB8B842D-D8DB-4386-ABC4-DE14A8AD17B3}.Release|x86.ActiveCfg = Release|Any CPU
		{AB8B842D-D8DB-4386-ABC4-DE14A8AD17B3}.Release|x86.Build.0 = Release|Any CPU
		{5AA37AF5-B6B3-4EAD-87E3-A1F91FBD49F6}.Debug|Any CPU.ActiveCfg = Debug|Any CPU
		{5AA37AF5-B6B3-4EAD-87E3-A1F91FBD49F6}.Debug|Any CPU.Build.0 = Debug|Any CPU
		{5AA37AF5-B6B3-4EAD-87E3-A1F91FBD49F6}.Debug|x86.ActiveCfg = Debug|x86
		{5AA37AF5-B6B3-4EAD-87E3-A1F91FBD49F6}.Debug|x86.Build.0 = Debug|x86
		{5AA37AF5-B6B3-4EAD-87E3-A1F91FBD49F6}.Release|Any CPU.ActiveCfg = Release|Any CPU
		{5AA37AF5-B6B3-4EAD-87E3-A1F91FBD49F6}.Release|Any CPU.Build.0 = Release|Any CPU
		{5AA37AF5-B6B3-4EAD-87E3-A1F91FBD49F6}.Release|x86.ActiveCfg = Release|x86
		{5AA37AF5-B6B3-4EAD-87E3-A1F91FBD49F6}.Release|x86.Build.0 = Release|x86
	EndGlobalSection
	GlobalSection(SolutionProperties) = preSolution
		HideSolutionNode = FALSE
	EndGlobalSection
	GlobalSection(NestedProjects) = preSolution
		{1494B285-A967-4535-980D-6BCB3654E4CB} = {E887C240-2D77-4076-B99E-F9DDCAD4B381}
		{54A63E18-3C7A-4214-945B-AC16796F6194} = {E887C240-2D77-4076-B99E-F9DDCAD4B381}
		{E47CCAFF-A678-41B5-B3F2-74994DB7E8AB} = {E887C240-2D77-4076-B99E-F9DDCAD4B381}
		{67E027B0-773A-43B1-92AB-EED950D4FE5B} = {CC282E67-4877-44EE-B53D-39F7B14F0572}
		{AB8B842D-D8DB-4386-ABC4-DE14A8AD17B3} = {CC282E67-4877-44EE-B53D-39F7B14F0572}
		{5AA37AF5-B6B3-4EAD-87E3-A1F91FBD49F6} = {CC282E67-4877-44EE-B53D-39F7B14F0572}
	EndGlobalSection
	GlobalSection(ExtensibilityGlobals) = postSolution
		SolutionGuid = {66A30E7A-68B6-49C1-99F0-B023A2A5600E}
	EndGlobalSection
EndGlobal
